// !$*UTF8*$!
{
	archiveVersion = 1;
	classes = {
	};
	objectVersion = 55;
	objects = {

/* Begin PBXBuildFile section */
		83A1FF0A2835325D00345463 /* AppDelegate.swift in Sources */ = {isa = PBXBuildFile; fileRef = 83A1FF092835325D00345463 /* AppDelegate.swift */; };
		83A1FF0C2835325D00345463 /* SceneDelegate.swift in Sources */ = {isa = PBXBuildFile; fileRef = 83A1FF0B2835325D00345463 /* SceneDelegate.swift */; };
		83A1FF0E2835325D00345463 /* MainViewController.swift in Sources */ = {isa = PBXBuildFile; fileRef = 83A1FF0D2835325D00345463 /* MainViewController.swift */; };
		83A1FF112835325D00345463 /* Main.storyboard in Resources */ = {isa = PBXBuildFile; fileRef = 83A1FF0F2835325D00345463 /* Main.storyboard */; };
		83A1FF132835325E00345463 /* Assets.xcassets in Resources */ = {isa = PBXBuildFile; fileRef = 83A1FF122835325E00345463 /* Assets.xcassets */; };
		83A1FF162835325E00345463 /* LaunchScreen.storyboard in Resources */ = {isa = PBXBuildFile; fileRef = 83A1FF142835325E00345463 /* LaunchScreen.storyboard */; };
		83A1FF1E2835648500345463 /* SearchViewController.swift in Sources */ = {isa = PBXBuildFile; fileRef = 83A1FF1D2835648500345463 /* SearchViewController.swift */; };
		83A1FF202835649500345463 /* DetailViewController.swift in Sources */ = {isa = PBXBuildFile; fileRef = 83A1FF1F2835649500345463 /* DetailViewController.swift */; };
		83A1FF22283564A200345463 /* AddReviewViewController.swift in Sources */ = {isa = PBXBuildFile; fileRef = 83A1FF21283564A200345463 /* AddReviewViewController.swift */; };
		83A1FF24283564AF00345463 /* MyReviewViewController.swift in Sources */ = {isa = PBXBuildFile; fileRef = 83A1FF23283564AF00345463 /* MyReviewViewController.swift */; };
/* End PBXBuildFile section */

/* Begin PBXFileReference section */
		83A1FF062835325D00345463 /* CHMovieReview.app */ = {isa = PBXFileReference; explicitFileType = wrapper.application; includeInIndex = 0; path = CHMovieReview.app; sourceTree = BUILT_PRODUCTS_DIR; };
		83A1FF092835325D00345463 /* AppDelegate.swift */ = {isa = PBXFileReference; lastKnownFileType = sourcecode.swift; path = AppDelegate.swift; sourceTree = "<group>"; };
		83A1FF0B2835325D00345463 /* SceneDelegate.swift */ = {isa = PBXFileReference; lastKnownFileType = sourcecode.swift; path = SceneDelegate.swift; sourceTree = "<group>"; };
		83A1FF0D2835325D00345463 /* MainViewController.swift */ = {isa = PBXFileReference; lastKnownFileType = sourcecode.swift; path = MainViewController.swift; sourceTree = "<group>"; };
		83A1FF102835325D00345463 /* Base */ = {isa = PBXFileReference; lastKnownFileType = file.storyboard; name = Base; path = Base.lproj/Main.storyboard; sourceTree = "<group>"; };
		83A1FF122835325E00345463 /* Assets.xcassets */ = {isa = PBXFileReference; lastKnownFileType = folder.assetcatalog; path = Assets.xcassets; sourceTree = "<group>"; };
		83A1FF152835325E00345463 /* Base */ = {isa = PBXFileReference; lastKnownFileType = file.storyboard; name = Base; path = Base.lproj/LaunchScreen.storyboard; sourceTree = "<group>"; };
		83A1FF172835325E00345463 /* Info.plist */ = {isa = PBXFileReference; lastKnownFileType = text.plist.xml; path = Info.plist; sourceTree = "<group>"; };
		83A1FF1D2835648500345463 /* SearchViewController.swift */ = {isa = PBXFileReference; lastKnownFileType = sourcecode.swift; path = SearchViewController.swift; sourceTree = "<group>"; };
		83A1FF1F2835649500345463 /* DetailViewController.swift */ = {isa = PBXFileReference; lastKnownFileType = sourcecode.swift; path = DetailViewController.swift; sourceTree = "<group>"; };
		83A1FF21283564A200345463 /* AddReviewViewController.swift */ = {isa = PBXFileReference; lastKnownFileType = sourcecode.swift; path = AddReviewViewController.swift; sourceTree = "<group>"; };
		83A1FF23283564AF00345463 /* MyReviewViewController.swift */ = {isa = PBXFileReference; lastKnownFileType = sourcecode.swift; path = MyReviewViewController.swift; sourceTree = "<group>"; };
/* End PBXFileReference section */

/* Begin PBXFrameworksBuildPhase section */
		83A1FF032835325D00345463 /* Frameworks */ = {
			isa = PBXFrameworksBuildPhase;
			buildActionMask = 2147483647;
			files = (
			);
			runOnlyForDeploymentPostprocessing = 0;
		};
/* End PBXFrameworksBuildPhase section */

/* Begin PBXGroup section */
		83A1FEFD2835325D00345463 = {
			isa = PBXGroup;
			children = (
				83A1FF082835325D00345463 /* CHMovieReview */,
				83A1FF072835325D00345463 /* Products */,
			);
			sourceTree = "<group>";
		};
		83A1FF072835325D00345463 /* Products */ = {
			isa = PBXGroup;
			children = (
				83A1FF062835325D00345463 /* CHMovieReview.app */,
			);
			name = Products;
			sourceTree = "<group>";
		};
		83A1FF082835325D00345463 /* CHMovieReview */ = {
			isa = PBXGroup;
			children = (
				83A1FF092835325D00345463 /* AppDelegate.swift */,
				83A1FF0B2835325D00345463 /* SceneDelegate.swift */,
				83A1FF0D2835325D00345463 /* MainViewController.swift */,
				83A1FF1D2835648500345463 /* SearchViewController.swift */,
				83A1FF1F2835649500345463 /* DetailViewController.swift */,
				83A1FF21283564A200345463 /* AddReviewViewController.swift */,
				83A1FF23283564AF00345463 /* MyReviewViewController.swift */,
				83A1FF0F2835325D00345463 /* Main.storyboard */,
				83A1FF122835325E00345463 /* Assets.xcassets */,
				83A1FF142835325E00345463 /* LaunchScreen.storyboard */,
				83A1FF172835325E00345463 /* Info.plist */,
			);
			path = CHMovieReview;
			sourceTree = "<group>";
		};
/* End PBXGroup section */

/* Begin PBXNativeTarget section */
		83A1FF052835325D00345463 /* CHMovieReview */ = {
			isa = PBXNativeTarget;
			buildConfigurationList = 83A1FF1A2835325E00345463 /* Build configuration list for PBXNativeTarget "CHMovieReview" */;
			buildPhases = (
				83A1FF022835325D00345463 /* Sources */,
				83A1FF032835325D00345463 /* Frameworks */,
				83A1FF042835325D00345463 /* Resources */,
			);
			buildRules = (
			);
			dependencies = (
			);
			name = CHMovieReview;
			productName = CHMovieReview;
			productReference = 83A1FF062835325D00345463 /* CHMovieReview.app */;
			productType = "com.apple.product-type.application";
		};
/* End PBXNativeTarget section */

/* Begin PBXProject section */
		83A1FEFE2835325D00345463 /* Project object */ = {
			isa = PBXProject;
			attributes = {
				BuildIndependentTargetsInParallel = 1;
				LastSwiftUpdateCheck = 1340;
				LastUpgradeCheck = 1340;
				TargetAttributes = {
					83A1FF052835325D00345463 = {
						CreatedOnToolsVersion = 13.4;
					};
				};
			};
			buildConfigurationList = 83A1FF012835325D00345463 /* Build configuration list for PBXProject "CHMovieReview" */;
			compatibilityVersion = "Xcode 13.0";
			developmentRegion = en;
			hasScannedForEncodings = 0;
			knownRegions = (
				en,
				Base,
			);
			mainGroup = 83A1FEFD2835325D00345463;
			productRefGroup = 83A1FF072835325D00345463 /* Products */;
			projectDirPath = "";
			projectRoot = "";
			targets = (
				83A1FF052835325D00345463 /* CHMovieReview */,
			);
		};
/* End PBXProject section */

/* Begin PBXResourcesBuildPhase section */
		83A1FF042835325D00345463 /* Resources */ = {
			isa = PBXResourcesBuildPhase;
			buildActionMask = 2147483647;
			files = (
				83A1FF162835325E00345463 /* LaunchScreen.storyboard in Resources */,
				83A1FF132835325E00345463 /* Assets.xcassets in Resources */,
				83A1FF112835325D00345463 /* Main.storyboard in Resources */,
			);
			runOnlyForDeploymentPostprocessing = 0;
		};
/* End PBXResourcesBuildPhase section */

/* Begin PBXSourcesBuildPhase section */
		83A1FF022835325D00345463 /* Sources */ = {
			isa = PBXSourcesBuildPhase;
			buildActionMask = 2147483647;
			files = (
				83A1FF22283564A200345463 /* AddReviewViewController.swift in Sources */,
				83A1FF0E2835325D00345463 /* MainViewController.swift in Sources */,
				83A1FF0A2835325D00345463 /* AppDelegate.swift in Sources */,
				83A1FF202835649500345463 /* DetailViewController.swift in Sources */,
				83A1FF1E2835648500345463 /* SearchViewController.swift in Sources */,
				83A1FF0C2835325D00345463 /* SceneDelegate.swift in Sources */,
				83A1FF24283564AF00345463 /* MyReviewViewController.swift in Sources */,
			);
			runOnlyForDeploymentPostprocessing = 0;
		};
/* End PBXSourcesBuildPhase section */

/* Begin PBXVariantGroup section */
		83A1FF0F2835325D00345463 /* Main.storyboard */ = {
			isa = PBXVariantGroup;
			children = (
				83A1FF102835325D00345463 /* Base */,
			);
			name = Main.storyboard;
			sourceTree = "<group>";
		};
		83A1FF142835325E00345463 /* LaunchScreen.storyboard */ = {
			isa = PBXVariantGroup;
			children = (
				83A1FF152835325E00345463 /* Base */,
			);
			name = LaunchScreen.storyboard;
			sourceTree = "<group>";
		};
/* End PBXVariantGroup section */

/* Begin XCBuildConfiguration section */
		83A1FF182835325E00345463 /* Debug */ = {
			isa = XCBuildConfiguration;
			buildSettings = {
				ALWAYS_SEARCH_USER_PATHS = NO;
				CLANG_ANALYZER_NONNULL = YES;
				CLANG_ANALYZER_NUMBER_OBJECT_CONVERSION = YES_AGGRESSIVE;
				CLANG_CXX_LANGUAGE_STANDARD = "gnu++17";
				CLANG_ENABLE_MODULES = YES;
				CLANG_ENABLE_OBJC_ARC = YES;
				CLANG_ENABLE_OBJC_WEAK = YES;
				CLANG_WARN_BLOCK_CAPTURE_AUTORELEASING = YES;
				CLANG_WARN_BOOL_CONVERSION = YES;
				CLANG_WARN_COMMA = YES;
				CLANG_WARN_CONSTANT_CONVERSION = YES;
				CLANG_WARN_DEPRECATED_OBJC_IMPLEMENTATIONS = YES;
				CLANG_WARN_DIRECT_OBJC_ISA_USAGE = YES_ERROR;
				CLANG_WARN_DOCUMENTATION_COMMENTS = YES;
				CLANG_WARN_EMPTY_BODY = YES;
				CLANG_WARN_ENUM_CONVERSION = YES;
				CLANG_WARN_INFINITE_RECURSION = YES;
				CLANG_WARN_INT_CONVERSION = YES;
				CLANG_WARN_NON_LITERAL_NULL_CONVERSION = YES;
				CLANG_WARN_OBJC_IMPLICIT_RETAIN_SELF = YES;
				CLANG_WARN_OBJC_LITERAL_CONVERSION = YES;
				CLANG_WARN_OBJC_ROOT_CLASS = YES_ERROR;
				CLANG_WARN_QUOTED_INCLUDE_IN_FRAMEWORK_HEADER = YES;
				CLANG_WARN_RANGE_LOOP_ANALYSIS = YES;
				CLANG_WARN_STRICT_PROTOTYPES = YES;
				CLANG_WARN_SUSPICIOUS_MOVE = YES;
				CLANG_WARN_UNGUARDED_AVAILABILITY = YES_AGGRESSIVE;
				CLANG_WARN_UNREACHABLE_CODE = YES;
				CLANG_WARN__DUPLICATE_METHOD_MATCH = YES;
				COPY_PHASE_STRIP = NO;
				DEBUG_INFORMATION_FORMAT = dwarf;
				ENABLE_STRICT_OBJC_MSGSEND = YES;
				ENABLE_TESTABILITY = YES;
				GCC_C_LANGUAGE_STANDARD = gnu11;
				GCC_DYNAMIC_NO_PIC = NO;
				GCC_NO_COMMON_BLOCKS = YES;
				GCC_OPTIMIZATION_LEVEL = 0;
				GCC_PREPROCESSOR_DEFINITIONS = (
					"DEBUG=1",
					"$(inherited)",
				);
				GCC_WARN_64_TO_32_BIT_CONVERSION = YES;
				GCC_WARN_ABOUT_RETURN_TYPE = YES_ERROR;
				GCC_WARN_UNDECLARED_SELECTOR = YES;
				GCC_WARN_UNINITIALIZED_AUTOS = YES_AGGRESSIVE;
				GCC_WARN_UNUSED_FUNCTION = YES;
				GCC_WARN_UNUSED_VARIABLE = YES;
				IPHONEOS_DEPLOYMENT_TARGET = 15.5;
				MTL_ENABLE_DEBUG_INFO = INCLUDE_SOURCE;
				MTL_FAST_MATH = YES;
				ONLY_ACTIVE_ARCH = YES;
				SDKROOT = iphoneos;
				SWIFT_ACTIVE_COMPILATION_CONDITIONS = DEBUG;
				SWIFT_OPTIMIZATION_LEVEL = "-Onone";
			};
			name = Debug;
		};
		83A1FF192835325E00345463 /* Release */ = {
			isa = XCBuildConfiguration;
			buildSettings = {
				ALWAYS_SEARCH_USER_PATHS = NO;
				CLANG_ANALYZER_NONNULL = YES;
				CLANG_ANALYZER_NUMBER_OBJECT_CONVERSION = YES_AGGRESSIVE;
				CLANG_CXX_LANGUAGE_STANDARD = "gnu++17";
				CLANG_ENABLE_MODULES = YES;
				CLANG_ENABLE_OBJC_ARC = YES;
				CLANG_ENABLE_OBJC_WEAK = YES;
				CLANG_WARN_BLOCK_CAPTURE_AUTORELEASING = YES;
				CLANG_WARN_BOOL_CONVERSION = YES;
				CLANG_WARN_COMMA = YES;
				CLANG_WARN_CONSTANT_CONVERSION = YES;
				CLANG_WARN_DEPRECATED_OBJC_IMPLEMENTATIONS = YES;
				CLANG_WARN_DIRECT_OBJC_ISA_USAGE = YES_ERROR;
				CLANG_WARN_DOCUMENTATION_COMMENTS = YES;
				CLANG_WARN_EMPTY_BODY = YES;
				CLANG_WARN_ENUM_CONVERSION = YES;
				CLANG_WARN_INFINITE_RECURSION = YES;
				CLANG_WARN_INT_CONVERSION = YES;
				CLANG_WARN_NON_LITERAL_NULL_CONVERSION = YES;
				CLANG_WARN_OBJC_IMPLICIT_RETAIN_SELF = YES;
				CLANG_WARN_OBJC_LITERAL_CONVERSION = YES;
				CLANG_WARN_OBJC_ROOT_CLASS = YES_ERROR;
				CLANG_WARN_QUOTED_INCLUDE_IN_FRAMEWORK_HEADER = YES;
				CLANG_WARN_RANGE_LOOP_ANALYSIS = YES;
				CLANG_WARN_STRICT_PROTOTYPES = YES;
				CLANG_WARN_SUSPICIOUS_MOVE = YES;
				CLANG_WARN_UNGUARDED_AVAILABILITY = YES_AGGRESSIVE;
				CLANG_WARN_UNREACHABLE_CODE = YES;
				CLANG_WARN__DUPLICATE_METHOD_MATCH = YES;
				COPY_PHASE_STRIP = NO;
				DEBUG_INFORMATION_FORMAT = "dwarf-with-dsym";
				ENABLE_NS_ASSERTIONS = NO;
				ENABLE_STRICT_OBJC_MSGSEND = YES;
				GCC_C_LANGUAGE_STANDARD = gnu11;
				GCC_NO_COMMON_BLOCKS = YES;
				GCC_WARN_64_TO_32_BIT_CONVERSION = YES;
				GCC_WARN_ABOUT_RETURN_TYPE = YES_ERROR;
				GCC_WARN_UNDECLARED_SELECTOR = YES;
				GCC_WARN_UNINITIALIZED_AUTOS = YES_AGGRESSIVE;
				GCC_WARN_UNUSED_FUNCTION = YES;
				GCC_WARN_UNUSED_VARIABLE = YES;
				IPHONEOS_DEPLOYMENT_TARGET = 15.5;
				MTL_ENABLE_DEBUG_INFO = NO;
				MTL_FAST_MATH = YES;
				SDKROOT = iphoneos;
				SWIFT_COMPILATION_MODE = wholemodule;
				SWIFT_OPTIMIZATION_LEVEL = "-O";
				VALIDATE_PRODUCT = YES;
			};
			name = Release;
		};
		83A1FF1B2835325E00345463 /* Debug */ = {
			isa = XCBuildConfiguration;
			buildSettings = {
				ASSETCATALOG_COMPILER_APPICON_NAME = AppIcon;
				ASSETCATALOG_COMPILER_GLOBAL_ACCENT_COLOR_NAME = AccentColor;
				CODE_SIGN_STYLE = Automatic;
				CURRENT_PROJECT_VERSION = 1;
				DEVELOPMENT_TEAM = D289277BWD;
				GENERATE_INFOPLIST_FILE = YES;
				INFOPLIST_FILE = CHMovieReview/Info.plist;
				INFOPLIST_KEY_UIApplicationSupportsIndirectInputEvents = YES;
				INFOPLIST_KEY_UILaunchStoryboardName = LaunchScreen;
				INFOPLIST_KEY_UIMainStoryboardFile = Main;
				INFOPLIST_KEY_UISupportedInterfaceOrientations_iPad = "UIInterfaceOrientationPortrait UIInterfaceOrientationPortraitUpsideDown UIInterfaceOrientationLandscapeLeft UIInterfaceOrientationLandscapeRight";
				INFOPLIST_KEY_UISupportedInterfaceOrientations_iPhone = "UIInterfaceOrientationPortrait UIInterfaceOrientationLandscapeLeft UIInterfaceOrientationLandscapeRight";
				LD_RUNPATH_SEARCH_PATHS = (
					"$(inherited)",
					"@executable_path/Frameworks",
				);
				MARKETING_VERSION = 1.0;
				PRODUCT_BUNDLE_IDENTIFIER = jcw.CHMovieReview;
				PRODUCT_NAME = "$(TARGET_NAME)";
				SWIFT_EMIT_LOC_STRINGS = YES;
				SWIFT_VERSION = 5.0;
				TARGETED_DEVICE_FAMILY = "1,2";
			};
			name = Debug;
		};
		83A1FF1C2835325E00345463 /* Release */ = {
			isa = XCBuildConfiguration;
			buildSettings = {
				ASSETCATALOG_COMPILER_APPICON_NAME = AppIcon;
				ASSETCATALOG_COMPILER_GLOBAL_ACCENT_COLOR_NAME = AccentColor;
				CODE_SIGN_STYLE = Automatic;
				CURRENT_PROJECT_VERSION = 1;
				DEVELOPMENT_TEAM = D289277BWD;
				GENERATE_INFOPLIST_FILE = YES;
				INFOPLIST_FILE = CHMovieReview/Info.plist;
				INFOPLIST_KEY_UIApplicationSupportsIndirectInputEvents = YES;
				INFOPLIST_KEY_UILaunchStoryboardName = LaunchScreen;
				INFOPLIST_KEY_UIMainStoryboardFile = Main;
				INFOPLIST_KEY_UISupportedInterfaceOrientations_iPad = "UIInterfaceOrientationPortrait UIInterfaceOrientationPortraitUpsideDown UIInterfaceOrientationLandscapeLeft UIInterfaceOrientationLandscapeRight";
				INFOPLIST_KEY_UISupportedInterfaceOrientations_iPhone = "UIInterfaceOrientationPortrait UIInterfaceOrientationLandscapeLeft UIInterfaceOrientationLandscapeRight";
				LD_RUNPATH_SEARCH_PATHS = (
					"$(inherited)",
					"@executable_path/Frameworks",
				);
				MARKETING_VERSION = 1.0;
				PRODUCT_BUNDLE_IDENTIFIER = jcw.CHMovieReview;
				PRODUCT_NAME = "$(TARGET_NAME)";
				SWIFT_EMIT_LOC_STRINGS = YES;
				SWIFT_VERSION = 5.0;
				TARGETED_DEVICE_FAMILY = "1,2";
			};
			name = Release;
		};
/* End XCBuildConfiguration section */

/* Begin XCConfigurationList section */
		83A1FF012835325D00345463 /* Build configuration list for PBXProject "CHMovieReview" */ = {
			isa = XCConfigurationList;
			buildConfigurations = (
				83A1FF182835325E00345463 /* Debug */,
				83A1FF192835325E00345463 /* Release */,
			);
			defaultConfigurationIsVisible = 0;
			defaultConfigurationName = Release;
		};
		83A1FF1A2835325E00345463 /* Build configuration list for PBXNativeTarget "CHMovieReview" */ = {
			isa = XCConfigurationList;
			buildConfigurations = (
				83A1FF1B2835325E00345463 /* Debug */,
				83A1FF1C2835325E00345463 /* Release */,
			);
			defaultConfigurationIsVisible = 0;
			defaultConfigurationName = Release;
		};
/* End XCConfigurationList section */
	};
	rootObject = 83A1FEFE2835325D00345463 /* Project object */;
}
